{
  "name": "library-frontend",
  "version": "1.0.0",
  "type": "module",
  "scripts": {
    "dev": "vite",
    "build": "vite build",
    "serve": "vite preview"
  },
  "dependencies": {
    "vue": "^3.3.4",
    "axios": "^1.6.0"
  },
  "devDependencies": {
    "vite": "^4.4.9",
    "tailwindcss": "^4.1.13",
    "@tailwindcss/postcss": "^2.0.0",
    "postcss": "^8.4.33",
    "autoprefixer": "^11.8.1"
  }
}
